
Microsoft Visual Studio Solution File, Format Version 12.00
# Visual Studio 15
VisualStudioVersion = 15.0.26430.15
MinimumVisualStudioVersion = 10.0.40219.1
Project("{2150E333-8FDC-42A3-9474-1A3956D46DE8}") = "Framework", "Framework", "{79790726-62B2-4308-B8B3-E2981371773A}"
EndProject
Project("{9A19103F-16F7-4668-BE54-9A1E7A4F7556}") = "R2.Domain", "Framework\R2.Domain\R2.Domain.csproj", "{0363DFB5-5E7C-4B78-AFE2-5E35724C4F55}"
EndProject
Project("{9A19103F-16F7-4668-BE54-9A1E7A4F7556}") = "R2.Framework.Sample", "R2.Framework.Sample\R2.Framework.Sample.csproj", "{0ECD14A4-BE51-48DC-A284-C2322830548B}"
EndProject
Project("{9A19103F-16F7-4668-BE54-9A1E7A4F7556}") = "R2.Framework.Test", "R2.Framework.Test\R2.Framework.Test.csproj", "{74AD3873-8235-4915-879A-315FADAF217E}"
EndProject
Global
	GlobalSection(SolutionConfigurationPlatforms) = preSolution
		Debug|Any CPU = Debug|Any CPU
		Release|Any CPU = Release|Any CPU
	EndGlobalSection
	GlobalSection(ProjectConfigurationPlatforms) = postSolution
		{0363DFB5-5E7C-4B78-AFE2-5E35724C4F55}.Debug|Any CPU.ActiveCfg = Debug|Any CPU
		{0363DFB5-5E7C-4B78-AFE2-5E35724C4F55}.Debug|Any CPU.Build.0 = Debug|Any CPU
		{0363DFB5-5E7C-4B78-AFE2-5E35724C4F55}.Release|Any CPU.ActiveCfg = Release|Any CPU
		{0363DFB5-5E7C-4B78-AFE2-5E35724C4F55}.Release|Any CPU.Build.0 = Release|Any CPU
		{0ECD14A4-BE51-48DC-A284-C2322830548B}.Debug|Any CPU.ActiveCfg = Debug|Any CPU
		{0ECD14A4-BE51-48DC-A284-C2322830548B}.Debug|Any CPU.Build.0 = Debug|Any CPU
		{0ECD14A4-BE51-48DC-A284-C2322830548B}.Release|Any CPU.ActiveCfg = Release|Any CPU
		{0ECD14A4-BE51-48DC-A284-C2322830548B}.Release|Any CPU.Build.0 = Release|Any CPU
		{74AD3873-8235-4915-879A-315FADAF217E}.Debug|Any CPU.ActiveCfg = Debug|Any CPU
		{74AD3873-8235-4915-879A-315FADAF217E}.Debug|Any CPU.Build.0 = Debug|Any CPU
		{74AD3873-8235-4915-879A-315FADAF217E}.Release|Any CPU.ActiveCfg = Release|Any CPU
		{74AD3873-8235-4915-879A-315FADAF217E}.Release|Any CPU.Build.0 = Release|Any CPU
	EndGlobalSection
	GlobalSection(SolutionProperties) = preSolution
		HideSolutionNode = FALSE
	EndGlobalSection
	GlobalSection(NestedProjects) = preSolution
		{0363DFB5-5E7C-4B78-AFE2-5E35724C4F55} = {79790726-62B2-4308-B8B3-E2981371773A}
	EndGlobalSection
EndGlobal
